// !$*UTF8*$!
{
	archiveVersion = 1;
	classes = {
	};
	objectVersion = 46;
	objects = {

/* Begin PBXBuildFile section */
		120A1156179794B900FBE5DE /* SendHeartbeat.m in Sources */ = {isa = PBXBuildFile; fileRef = 120A1155179794B900FBE5DE /* SendHeartbeat.m */; };
		120A115D1797E37500FBE5DE /* SaveScaledImage.m in Sources */ = {isa = PBXBuildFile; fileRef = 120A115C1797E37500FBE5DE /* SaveScaledImage.m */; };
		120F556F1796A33B0058A5C4 /* cancel_progress@2x.png in Resources */ = {isa = PBXBuildFile; fileRef = 120F556E1796A33B0058A5C4 /* cancel_progress@2x.png */; };
		1219522E1794DF9400062EBF /* UIKit.framework in Frameworks */ = {isa = PBXBuildFile; fileRef = 1219522D1794DF9400062EBF /* UIKit.framework */; };
		121952301794DF9400062EBF /* Foundation.framework in Frameworks */ = {isa = PBXBuildFile; fileRef = 1219522F1794DF9400062EBF /* Foundation.framework */; };
		121952321794DF9400062EBF /* CoreGraphics.framework in Frameworks */ = {isa = PBXBuildFile; fileRef = 121952311794DF9400062EBF /* CoreGraphics.framework */; };
		1219524B1794DFB600062EBF /* Security.framework in Frameworks */ = {isa = PBXBuildFile; fileRef = 1219524A1794DFB600062EBF /* Security.framework */; };
		1219524D1794DFBD00062EBF /* MobileCoreServices.framework in Frameworks */ = {isa = PBXBuildFile; fileRef = 1219524C1794DFBD00062EBF /* MobileCoreServices.framework */; };
		1219524F1794DFCA00062EBF /* SystemConfiguration.framework in Frameworks */ = {isa = PBXBuildFile; fileRef = 1219524E1794DFCA00062EBF /* SystemConfiguration.framework */; };
		121952511794DFCE00062EBF /* CFNetwork.framework in Frameworks */ = {isa = PBXBuildFile; fileRef = 121952501794DFCE00062EBF /* CFNetwork.framework */; };
		121952531794DFD500062EBF /* libz.1.2.5.dylib in Frameworks */ = {isa = PBXBuildFile; fileRef = 121952521794DFD500062EBF /* libz.1.2.5.dylib */; };
		1221FCEC179F82E200A70548 /* CoreLocation.framework in Frameworks */ = {isa = PBXBuildFile; fileRef = 1221FCEB179F82E200A70548 /* CoreLocation.framework */; };
		1221FCF1179FB33300A70548 /* SettingViewController.m in Sources */ = {isa = PBXBuildFile; fileRef = 1221FCEF179FB33300A70548 /* SettingViewController.m */; };
		1221FCF2179FB33300A70548 /* SettingViewController.xib in Resources */ = {isa = PBXBuildFile; fileRef = 1221FCF0179FB33300A70548 /* SettingViewController.xib */; };
		122281C117953BBE0016B692 /* AppDelegate.m in Sources */ = {isa = PBXBuildFile; fileRef = 1222816717953BBE0016B692 /* AppDelegate.m */; };
		122281C217953BBE0016B692 /* ASIAuthenticationDialog.m in Sources */ = {isa = PBXBuildFile; fileRef = 1222816A17953BBE0016B692 /* ASIAuthenticationDialog.m */; };
		122281C317953BBE0016B692 /* ASIDataCompressor.m in Sources */ = {isa = PBXBuildFile; fileRef = 1222816D17953BBE0016B692 /* ASIDataCompressor.m */; };
		122281C417953BBE0016B692 /* ASIDataDecompressor.m in Sources */ = {isa = PBXBuildFile; fileRef = 1222816F17953BBE0016B692 /* ASIDataDecompressor.m */; };
		122281C517953BBE0016B692 /* ASIDownloadCache.m in Sources */ = {isa = PBXBuildFile; fileRef = 1222817117953BBE0016B692 /* ASIDownloadCache.m */; };
		122281C617953BBE0016B692 /* ASIFormDataRequest.m in Sources */ = {isa = PBXBuildFile; fileRef = 1222817317953BBE0016B692 /* ASIFormDataRequest.m */; };
		122281C717953BBE0016B692 /* ASIHTTPRequest.m in Sources */ = {isa = PBXBuildFile; fileRef = 1222817517953BBE0016B692 /* ASIHTTPRequest.m */; };
		122281C817953BBE0016B692 /* ASIInputStream.m in Sources */ = {isa = PBXBuildFile; fileRef = 1222817917953BBE0016B692 /* ASIInputStream.m */; };
		122281C917953BBE0016B692 /* ASINetworkQueue.m in Sources */ = {isa = PBXBuildFile; fileRef = 1222817B17953BBE0016B692 /* ASINetworkQueue.m */; };
		122281CA17953BBE0016B692 /* ASIWebPageRequest.m in Sources */ = {isa = PBXBuildFile; fileRef = 1222817F17953BBE0016B692 /* ASIWebPageRequest.m */; };
		122281CB17953BBE0016B692 /* ASICloudFilesCDNRequest.m in Sources */ = {isa = PBXBuildFile; fileRef = 1222818217953BBE0016B692 /* ASICloudFilesCDNRequest.m */; };
		122281CC17953BBE0016B692 /* ASICloudFilesContainer.m in Sources */ = {isa = PBXBuildFile; fileRef = 1222818417953BBE0016B692 /* ASICloudFilesContainer.m */; };
		122281CD17953BBE0016B692 /* ASICloudFilesContainerRequest.m in Sources */ = {isa = PBXBuildFile; fileRef = 1222818617953BBE0016B692 /* ASICloudFilesContainerRequest.m */; };
		122281CE17953BBE0016B692 /* ASICloudFilesContainerXMLParserDelegate.m in Sources */ = {isa = PBXBuildFile; fileRef = 1222818817953BBE0016B692 /* ASICloudFilesContainerXMLParserDelegate.m */; };
		122281CF17953BBE0016B692 /* ASICloudFilesObject.m in Sources */ = {isa = PBXBuildFile; fileRef = 1222818A17953BBE0016B692 /* ASICloudFilesObject.m */; };
		122281D017953BBE0016B692 /* ASICloudFilesObjectRequest.m in Sources */ = {isa = PBXBuildFile; fileRef = 1222818C17953BBE0016B692 /* ASICloudFilesObjectRequest.m */; };
		122281D117953BBE0016B692 /* ASICloudFilesRequest.m in Sources */ = {isa = PBXBuildFile; fileRef = 1222818E17953BBE0016B692 /* ASICloudFilesRequest.m */; };
		122281D217953BBE0016B692 /* ASIS3Bucket.m in Sources */ = {isa = PBXBuildFile; fileRef = 1222819217953BBE0016B692 /* ASIS3Bucket.m */; };
		122281D317953BBE0016B692 /* ASIS3BucketObject.m in Sources */ = {isa = PBXBuildFile; fileRef = 1222819417953BBE0016B692 /* ASIS3BucketObject.m */; };
		122281D417953BBE0016B692 /* ASIS3BucketRequest.m in Sources */ = {isa = PBXBuildFile; fileRef = 1222819617953BBE0016B692 /* ASIS3BucketRequest.m */; };
		122281D517953BBE0016B692 /* ASIS3ObjectRequest.m in Sources */ = {isa = PBXBuildFile; fileRef = 1222819817953BBE0016B692 /* ASIS3ObjectRequest.m */; };
		122281D617953BBE0016B692 /* ASIS3Request.m in Sources */ = {isa = PBXBuildFile; fileRef = 1222819A17953BBE0016B692 /* ASIS3Request.m */; };
		122281D717953BBE0016B692 /* ASIS3ServiceRequest.m in Sources */ = {isa = PBXBuildFile; fileRef = 1222819C17953BBE0016B692 /* ASIS3ServiceRequest.m */; };
		122281D817953BBE0016B692 /* CenterViewController.m in Sources */ = {isa = PBXBuildFile; fileRef = 1222819E17953BBE0016B692 /* CenterViewController.m */; };
		122281D917953BBE0016B692 /* CenterViewController.xib in Resources */ = {isa = PBXBuildFile; fileRef = 1222819F17953BBE0016B692 /* CenterViewController.xib */; };
		122281DA17953BBE0016B692 /* Default-568h@2x.png in Resources */ = {isa = PBXBuildFile; fileRef = 122281A017953BBE0016B692 /* Default-568h@2x.png */; };
		122281DB17953BBE0016B692 /* Default.png in Resources */ = {isa = PBXBuildFile; fileRef = 122281A117953BBE0016B692 /* Default.png */; };
		122281DC17953BBE0016B692 /* Default@2x.png in Resources */ = {isa = PBXBuildFile; fileRef = 122281A217953BBE0016B692 /* Default@2x.png */; };
		122281DD17953BBE0016B692 /* InfoPlist.strings in Resources */ = {isa = PBXBuildFile; fileRef = 122281A417953BBE0016B692 /* InfoPlist.strings */; };
		122281DF17953BBE0016B692 /* main.m in Sources */ = {isa = PBXBuildFile; fileRef = 122281A817953BBE0016B692 /* main.m */; };
		122281E017953BBE0016B692 /* iToast.m in Sources */ = {isa = PBXBuildFile; fileRef = 122281AB17953BBE0016B692 /* iToast.m */; };
		122281E117953BBE0016B692 /* KeyinputAccessoryView.m in Sources */ = {isa = PBXBuildFile; fileRef = 122281AD17953BBE0016B692 /* KeyinputAccessoryView.m */; };
		122281E217953BBE0016B692 /* KeyinputAccessoryView.xib in Resources */ = {isa = PBXBuildFile; fileRef = 122281AE17953BBE0016B692 /* KeyinputAccessoryView.xib */; };
		122281E317953BBE0016B692 /* MyNavigationController.m in Sources */ = {isa = PBXBuildFile; fileRef = 122281B017953BBE0016B692 /* MyNavigationController.m */; };
		122281E417953BBE0016B692 /* NSString+NSstringChange.m in Sources */ = {isa = PBXBuildFile; fileRef = 122281B217953BBE0016B692 /* NSString+NSstringChange.m */; };
		122281E517953BBE0016B692 /* Reachability.m in Sources */ = {isa = PBXBuildFile; fileRef = 122281B517953BBE0016B692 /* Reachability.m */; };
		122281E617953BBE0016B692 /* LoginViewController.m in Sources */ = {isa = PBXBuildFile; fileRef = 122281B817953BBE0016B692 /* LoginViewController.m */; };
		122281E717953BBE0016B692 /* LoginViewController.xib in Resources */ = {isa = PBXBuildFile; fileRef = 122281B917953BBE0016B692 /* LoginViewController.xib */; };
		122281E817953BBE0016B692 /* grieved@2x.png in Resources */ = {isa = PBXBuildFile; fileRef = 122281BB17953BBE0016B692 /* grieved@2x.png */; };
		122281E917953BBE0016B692 /* iphone_bac@2x.png in Resources */ = {isa = PBXBuildFile; fileRef = 122281BC17953BBE0016B692 /* iphone_bac@2x.png */; };
		122281EA17953BBE0016B692 /* login_button_bac@2x.png in Resources */ = {isa = PBXBuildFile; fileRef = 122281BD17953BBE0016B692 /* login_button_bac@2x.png */; };
		122281EB17953BBE0016B692 /* login_click_after@2x.png in Resources */ = {isa = PBXBuildFile; fileRef = 122281BE17953BBE0016B692 /* login_click_after@2x.png */; };
		122281EC17953BBE0016B692 /* login_click_before@2x.png in Resources */ = {isa = PBXBuildFile; fileRef = 122281BF17953BBE0016B692 /* login_click_before@2x.png */; };
		122281ED17953BBE0016B692 /* login_reset_bac@2x.png in Resources */ = {isa = PBXBuildFile; fileRef = 122281C017953BBE0016B692 /* login_reset_bac@2x.png */; };
		122281F917953D200016B692 /* NetWork.m in Sources */ = {isa = PBXBuildFile; fileRef = 122281F817953D200016B692 /* NetWork.m */; };
		12757C4E179E2CDC00DC8A14 /* ImageIO.framework in Frameworks */ = {isa = PBXBuildFile; fileRef = 12757C4D179E2CDC00DC8A14 /* ImageIO.framework */; };
		12757C51179E2CE700DC8A14 /* AssetsLibrary.framework in Frameworks */ = {isa = PBXBuildFile; fileRef = 12757C50179E2CE700DC8A14 /* AssetsLibrary.framework */; };
		1297905617EED74C0043D799 /* icon.jpg in Resources */ = {isa = PBXBuildFile; fileRef = 1297905517EED74C0043D799 /* icon.jpg */; };
		129AAEAA179D1F4800A6437B /* add@2x.png in Resources */ = {isa = PBXBuildFile; fileRef = 129AAEA8179D1F4800A6437B /* add@2x.png */; };
		129AAEAB179D1F4800A6437B /* deleteBtn@2x.png in Resources */ = {isa = PBXBuildFile; fileRef = 129AAEA9179D1F4800A6437B /* deleteBtn@2x.png */; };
		129AAEBF179D24CE00A6437B /* QuartzCore.framework in Frameworks */ = {isa = PBXBuildFile; fileRef = 129AAEBE179D24CE00A6437B /* QuartzCore.framework */; };
		12B7D4201796814700FA7CEC /* CircularProgressView.m in Sources */ = {isa = PBXBuildFile; fileRef = 12B7D41F1796814700FA7CEC /* CircularProgressView.m */; };
		12B7D4231796830400FA7CEC /* MyProgressView.m in Sources */ = {isa = PBXBuildFile; fileRef = 12B7D4221796830400FA7CEC /* MyProgressView.m */; };
		12C378CD1807DEFD005B140F /* base64.m in Sources */ = {isa = PBXBuildFile; fileRef = 12C378CA1807DEFD005B140F /* base64.m */; };
		12C378CE1807DEFD005B140F /* Base64_Encode_Decode.m in Sources */ = {isa = PBXBuildFile; fileRef = 12C378CC1807DEFD005B140F /* Base64_Encode_Decode.m */; };
		12CCFEAC18093B2E00631087 /* Xml_Perser.m in Sources */ = {isa = PBXBuildFile; fileRef = 12CCFEAB18093B2E00631087 /* Xml_Perser.m */; };
		12CCFEB21809501800631087 /* TFHpple.m in Sources */ = {isa = PBXBuildFile; fileRef = 12CCFEAF1809501800631087 /* TFHpple.m */; };
		12CCFEB31809501800631087 /* TFHppleElement.m in Sources */ = {isa = PBXBuildFile; fileRef = 12CCFEB11809501800631087 /* TFHppleElement.m */; };
		12CCFEB61809504900631087 /* XPathQuery.m in Sources */ = {isa = PBXBuildFile; fileRef = 12CCFEB41809504900631087 /* XPathQuery.m */; };
		12D11FD517F41DA800A96B0B /* libWeChatSDK.a in Frameworks */ = {isa = PBXBuildFile; fileRef = 12D11FD217F41DA800A96B0B /* libWeChatSDK.a */; };
		12D2930B1807903400A26FED /* dynamic.p12 in Resources */ = {isa = PBXBuildFile; fileRef = 12D2930A1807903400A26FED /* dynamic.p12 */; };
		12D2930F1807A51500A26FED /* TrainNetWork.m in Sources */ = {isa = PBXBuildFile; fileRef = 12D2930E1807A51500A26FED /* TrainNetWork.m */; };
		12D7C8EB180BBB9A00F20038 /* OrderRequestViewController.m in Sources */ = {isa = PBXBuildFile; fileRef = 12D7C8E9180BBB9A00F20038 /* OrderRequestViewController.m */; };
		12D7C8EC180BBB9A00F20038 /* OrderRequestViewController.xib in Resources */ = {isa = PBXBuildFile; fileRef = 12D7C8EA180BBB9A00F20038 /* OrderRequestViewController.xib */; };
		12D7C8F5180BCD5C00F20038 /* station.txt in Resources */ = {isa = PBXBuildFile; fileRef = 12D7C8F4180BCD5C00F20038 /* station.txt */; };
		12D863CB1803C0A600459DCC /* ML.pdf in Resources */ = {isa = PBXBuildFile; fileRef = 12D863BE1803C0A500459DCC /* ML.pdf */; };
		12D863CC1803C0A600459DCC /* res7.jpg in Resources */ = {isa = PBXBuildFile; fileRef = 12D863BF1803C0A500459DCC /* res7.jpg */; };
		12D863CD1803C0A600459DCC /* res1.jpg in Resources */ = {isa = PBXBuildFile; fileRef = 12D863C01803C0A600459DCC /* res1.jpg */; };
		12D863CE1803C0A600459DCC /* res1thumb.png in Resources */ = {isa = PBXBuildFile; fileRef = 12D863C11803C0A600459DCC /* res1thumb.png */; };
		12D863CF1803C0A600459DCC /* res2.png in Resources */ = {isa = PBXBuildFile; fileRef = 12D863C21803C0A600459DCC /* res2.png */; };
		12D863D01803C0A600459DCC /* res2.jpg in Resources */ = {isa = PBXBuildFile; fileRef = 12D863C31803C0A600459DCC /* res2.jpg */; };
		12D863D11803C0A600459DCC /* res3.jpg in Resources */ = {isa = PBXBuildFile; fileRef = 12D863C41803C0A600459DCC /* res3.jpg */; };
		12D863D21803C0A600459DCC /* res4.jpg in Resources */ = {isa = PBXBuildFile; fileRef = 12D863C51803C0A600459DCC /* res4.jpg */; };
		12D863D31803C0A600459DCC /* res5.jpg in Resources */ = {isa = PBXBuildFile; fileRef = 12D863C61803C0A600459DCC /* res5.jpg */; };
		12D863D41803C0A600459DCC /* res5thumb.png in Resources */ = {isa = PBXBuildFile; fileRef = 12D863C71803C0A600459DCC /* res5thumb.png */; };
		12D863D51803C0A600459DCC /* res6thumb.png in Resources */ = {isa = PBXBuildFile; fileRef = 12D863C81803C0A600459DCC /* res6thumb.png */; };
		12D863D61803C0A600459DCC /* res6.gif in Resources */ = {isa = PBXBuildFile; fileRef = 12D863C91803C0A600459DCC /* res6.gif */; };
		12D863D71803C0A600459DCC /* lindan.gif in Resources */ = {isa = PBXBuildFile; fileRef = 12D863CA1803C0A600459DCC /* lindan.gif */; };
		12D863DA1803C35F00459DCC /* RespForWeChatViewController.mm in Sources */ = {isa = PBXBuildFile; fileRef = 12D863D91803C35F00459DCC /* RespForWeChatViewController.mm */; };
		12DF10111808F6080008F040 /* GDataXMLNode.m in Sources */ = {isa = PBXBuildFile; fileRef = 12DF10101808F6080008F040 /* GDataXMLNode.m */; };
		12E7C6581807CEFD00FCCDBB /* TrainViewController.m in Sources */ = {isa = PBXBuildFile; fileRef = 12E7C6561807CEFD00FCCDBB /* TrainViewController.m */; };
		12E7C6591807CEFD00FCCDBB /* TrainViewController.xib in Resources */ = {isa = PBXBuildFile; fileRef = 12E7C6571807CEFD00FCCDBB /* TrainViewController.xib */; };
/* End PBXBuildFile section */

/* Begin PBXFileReference section */
		120A1154179794B900FBE5DE /* SendHeartbeat.h */ = {isa = PBXFileReference; fileEncoding = 4; lastKnownFileType = sourcecode.c.h; path = SendHeartbeat.h; sourceTree = "<group>"; };
		120A1155179794B900FBE5DE /* SendHeartbeat.m */ = {isa = PBXFileReference; fileEncoding = 4; lastKnownFileType = sourcecode.c.objc; path = SendHeartbeat.m; sourceTree = "<group>"; };
		120A115B1797E37500FBE5DE /* SaveScaledImage.h */ = {isa = PBXFileReference; fileEncoding = 4; lastKnownFileType = sourcecode.c.h; path = SaveScaledImage.h; sourceTree = "<group>"; };
		120A115C1797E37500FBE5DE /* SaveScaledImage.m */ = {isa = PBXFileReference; fileEncoding = 4; lastKnownFileType = sourcecode.c.objc; path = SaveScaledImage.m; sourceTree = "<group>"; };
		120F556E1796A33B0058A5C4 /* cancel_progress@2x.png */ = {isa = PBXFileReference; lastKnownFileType = image.png; path = "cancel_progress@2x.png"; sourceTree = "<group>"; };
		121952291794DF9400062EBF /* ImageUpload.app */ = {isa = PBXFileReference; explicitFileType = wrapper.application; includeInIndex = 0; path = ImageUpload.app; sourceTree = BUILT_PRODUCTS_DIR; };
		1219522D1794DF9400062EBF /* UIKit.framework */ = {isa = PBXFileReference; lastKnownFileType = wrapper.framework; name = UIKit.framework; path = System/Library/Frameworks/UIKit.framework; sourceTree = SDKROOT; };
		1219522F1794DF9400062EBF /* Foundation.framework */ = {isa = PBXFileReference; lastKnownFileType = wrapper.framework; name = Foundation.framework; path = System/Library/Frameworks/Foundation.framework; sourceTree = SDKROOT; };
		121952311794DF9400062EBF /* CoreGraphics.framework */ = {isa = PBXFileReference; lastKnownFileType = wrapper.framework; name = CoreGraphics.framework; path = System/Library/Frameworks/CoreGraphics.framework; sourceTree = SDKROOT; };
		1219524A1794DFB600062EBF /* Security.framework */ = {isa = PBXFileReference; lastKnownFileType = wrapper.framework; name = Security.framework; path = System/Library/Frameworks/Security.framework; sourceTree = SDKROOT; };
		1219524C1794DFBD00062EBF /* MobileCoreServices.framework */ = {isa = PBXFileReference; lastKnownFileType = wrapper.framework; name = MobileCoreServices.framework; path = System/Library/Frameworks/MobileCoreServices.framework; sourceTree = SDKROOT; };
		1219524E1794DFCA00062EBF /* SystemConfiguration.framework */ = {isa = PBXFileReference; lastKnownFileType = wrapper.framework; name = SystemConfiguration.framework; path = System/Library/Frameworks/SystemConfiguration.framework; sourceTree = SDKROOT; };
		121952501794DFCE00062EBF /* CFNetwork.framework */ = {isa = PBXFileReference; lastKnownFileType = wrapper.framework; name = CFNetwork.framework; path = System/Library/Frameworks/CFNetwork.framework; sourceTree = SDKROOT; };
		121952521794DFD500062EBF /* libz.1.2.5.dylib */ = {isa = PBXFileReference; lastKnownFileType = "compiled.mach-o.dylib"; name = libz.1.2.5.dylib; path = usr/lib/libz.1.2.5.dylib; sourceTree = SDKROOT; };
		1221FCEB179F82E200A70548 /* CoreLocation.framework */ = {isa = PBXFileReference; lastKnownFileType = wrapper.framework; name = CoreLocation.framework; path = System/Library/Frameworks/CoreLocation.framework; sourceTree = SDKROOT; };
		1221FCEE179FB33300A70548 /* SettingViewController.h */ = {isa = PBXFileReference; fileEncoding = 4; lastKnownFileType = sourcecode.c.h; path = SettingViewController.h; sourceTree = "<group>"; };
		1221FCEF179FB33300A70548 /* SettingViewController.m */ = {isa = PBXFileReference; fileEncoding = 4; lastKnownFileType = sourcecode.c.objc; path = SettingViewController.m; sourceTree = "<group>"; };
		1221FCF0179FB33300A70548 /* SettingViewController.xib */ = {isa = PBXFileReference; fileEncoding = 4; lastKnownFileType = file.xib; path = SettingViewController.xib; sourceTree = "<group>"; };
		1222816617953BBE0016B692 /* AppDelegate.h */ = {isa = PBXFileReference; fileEncoding = 4; lastKnownFileType = sourcecode.c.h; path = AppDelegate.h; sourceTree = "<group>"; };
		1222816717953BBE0016B692 /* AppDelegate.m */ = {isa = PBXFileReference; fileEncoding = 4; lastKnownFileType = sourcecode.c.objc; path = AppDelegate.m; sourceTree = "<group>"; };
		1222816917953BBE0016B692 /* ASIAuthenticationDialog.h */ = {isa = PBXFileReference; fileEncoding = 4; lastKnownFileType = sourcecode.c.h; path = ASIAuthenticationDialog.h; sourceTree = "<group>"; };
		1222816A17953BBE0016B692 /* ASIAuthenticationDialog.m */ = {isa = PBXFileReference; fileEncoding = 4; lastKnownFileType = sourcecode.c.objc; path = ASIAuthenticationDialog.m; sourceTree = "<group>"; };
		1222816B17953BBE0016B692 /* ASICacheDelegate.h */ = {isa = PBXFileReference; fileEncoding = 4; lastKnownFileType = sourcecode.c.h; path = ASICacheDelegate.h; sourceTree = "<group>"; };
		1222816C17953BBE0016B692 /* ASIDataCompressor.h */ = {isa = PBXFileReference; fileEncoding = 4; lastKnownFileType = sourcecode.c.h; path = ASIDataCompressor.h; sourceTree = "<group>"; };
		1222816D17953BBE0016B692 /* ASIDataCompressor.m */ = {isa = PBXFileReference; fileEncoding = 4; lastKnownFileType = sourcecode.c.objc; path = ASIDataCompressor.m; sourceTree = "<group>"; };
		1222816E17953BBE0016B692 /* ASIDataDecompressor.h */ = {isa = PBXFileReference; fileEncoding = 4; lastKnownFileType = sourcecode.c.h; path = ASIDataDecompressor.h; sourceTree = "<group>"; };
		1222816F17953BBE0016B692 /* ASIDataDecompressor.m */ = {isa = PBXFileReference; fileEncoding = 4; lastKnownFileType = sourcecode.c.objc; path = ASIDataDecompressor.m; sourceTree = "<group>"; };
		1222817017953BBE0016B692 /* ASIDownloadCache.h */ = {isa = PBXFileReference; fileEncoding = 4; lastKnownFileType = sourcecode.c.h; path = ASIDownloadCache.h; sourceTree = "<group>"; };
		1222817117953BBE0016B692 /* ASIDownloadCache.m */ = {isa = PBXFileReference; fileEncoding = 4; lastKnownFileType = sourcecode.c.objc; path = ASIDownloadCache.m; sourceTree = "<group>"; };
		1222817217953BBE0016B692 /* ASIFormDataRequest.h */ = {isa = PBXFileReference; fileEncoding = 4; lastKnownFileType = sourcecode.c.h; path = ASIFormDataRequest.h; sourceTree = "<group>"; };
		1222817317953BBE0016B692 /* ASIFormDataRequest.m */ = {isa = PBXFileReference; fileEncoding = 4; lastKnownFileType = sourcecode.c.objc; path = ASIFormDataRequest.m; sourceTree = "<group>"; };
		1222817417953BBE0016B692 /* ASIHTTPRequest.h */ = {isa = PBXFileReference; fileEncoding = 4; lastKnownFileType = sourcecode.c.h; path = ASIHTTPRequest.h; sourceTree = "<group>"; };
		1222817517953BBE0016B692 /* ASIHTTPRequest.m */ = {isa = PBXFileReference; fileEncoding = 4; lastKnownFileType = sourcecode.c.objc; path = ASIHTTPRequest.m; sourceTree = "<group>"; };
		1222817617953BBE0016B692 /* ASIHTTPRequestConfig.h */ = {isa = PBXFileReference; fileEncoding = 4; lastKnownFileType = sourcecode.c.h; path = ASIHTTPRequestConfig.h; sourceTree = "<group>"; };
		1222817717953BBE0016B692 /* ASIHTTPRequestDelegate.h */ = {isa = PBXFileReference; fileEncoding = 4; lastKnownFileType = sourcecode.c.h; path = ASIHTTPRequestDelegate.h; sourceTree = "<group>"; };
		1222817817953BBE0016B692 /* ASIInputStream.h */ = {isa = PBXFileReference; fileEncoding = 4; lastKnownFileType = sourcecode.c.h; path = ASIInputStream.h; sourceTree = "<group>"; };
		1222817917953BBE0016B692 /* ASIInputStream.m */ = {isa = PBXFileReference; fileEncoding = 4; lastKnownFileType = sourcecode.c.objc; path = ASIInputStream.m; sourceTree = "<group>"; };
		1222817A17953BBE0016B692 /* ASINetworkQueue.h */ = {isa = PBXFileReference; fileEncoding = 4; lastKnownFileType = sourcecode.c.h; path = ASINetworkQueue.h; sourceTree = "<group>"; };
		1222817B17953BBE0016B692 /* ASINetworkQueue.m */ = {isa = PBXFileReference; fileEncoding = 4; lastKnownFileType = sourcecode.c.objc; path = ASINetworkQueue.m; sourceTree = "<group>"; };
		1222817C17953BBE0016B692 /* ASIProgressDelegate.h */ = {isa = PBXFileReference; fileEncoding = 4; lastKnownFileType = sourcecode.c.h; path = ASIProgressDelegate.h; sourceTree = "<group>"; };
		1222817E17953BBE0016B692 /* ASIWebPageRequest.h */ = {isa = PBXFileReference; fileEncoding = 4; lastKnownFileType = sourcecode.c.h; path = ASIWebPageRequest.h; sourceTree = "<group>"; };
		1222817F17953BBE0016B692 /* ASIWebPageRequest.m */ = {isa = PBXFileReference; fileEncoding = 4; lastKnownFileType = sourcecode.c.objc; path = ASIWebPageRequest.m; sourceTree = "<group>"; };
		1222818117953BBE0016B692 /* ASICloudFilesCDNRequest.h */ = {isa = PBXFileReference; fileEncoding = 4; lastKnownFileType = sourcecode.c.h; path = ASICloudFilesCDNRequest.h; sourceTree = "<group>"; };
		1222818217953BBE0016B692 /* ASICloudFilesCDNRequest.m */ = {isa = PBXFileReference; fileEncoding = 4; lastKnownFileType = sourcecode.c.objc; path = ASICloudFilesCDNRequest.m; sourceTree = "<group>"; };
		1222818317953BBE0016B692 /* ASICloudFilesContainer.h */ = {isa = PBXFileReference; fileEncoding = 4; lastKnownFileType = sourcecode.c.h; path = ASICloudFilesContainer.h; sourceTree = "<group>"; };
		1222818417953BBE0016B692 /* ASICloudFilesContainer.m */ = {isa = PBXFileReference; fileEncoding = 4; lastKnownFileType = sourcecode.c.objc; path = ASICloudFilesContainer.m; sourceTree = "<group>"; };
		1222818517953BBE0016B692 /* ASICloudFilesContainerRequest.h */ = {isa = PBXFileReference; fileEncoding = 4; lastKnownFileType = sourcecode.c.h; path = ASICloudFilesContainerRequest.h; sourceTree = "<group>"; };
		1222818617953BBE0016B692 /* ASICloudFilesContainerRequest.m */ = {isa = PBXFileReference; fileEncoding = 4; lastKnownFileType = sourcecode.c.objc; path = ASICloudFilesContainerRequest.m; sourceTree = "<group>"; };
		1222818717953BBE0016B692 /* ASICloudFilesContainerXMLParserDelegate.h */ = {isa = PBXFileReference; fileEncoding = 4; lastKnownFileType = sourcecode.c.h; path = ASICloudFilesContainerXMLParserDelegate.h; sourceTree = "<group>"; };
		1222818817953BBE0016B692 /* ASICloudFilesContainerXMLParserDelegate.m */ = {isa = PBXFileReference; fileEncoding = 4; lastKnownFileType = sourcecode.c.objc; path = ASICloudFilesContainerXMLParserDelegate.m; sourceTree = "<group>"; };
		1222818917953BBE0016B692 /* ASICloudFilesObject.h */ = {isa = PBXFileReference; fileEncoding = 4; lastKnownFileType = sourcecode.c.h; path = ASICloudFilesObject.h; sourceTree = "<group>"; };
		1222818A17953BBE0016B692 /* ASICloudFilesObject.m */ = {isa = PBXFileReference; fileEncoding = 4; lastKnownFileType = sourcecode.c.objc; path = ASICloudFilesObject.m; sourceTree = "<group>"; };
		1222818B17953BBE0016B692 /* ASICloudFilesObjectRequest.h */ = {isa = PBXFileReference; fileEncoding = 4; lastKnownFileType = sourcecode.c.h; path = ASICloudFilesObjectRequest.h; sourceTree = "<group>"; };
		1222818C17953BBE0016B692 /* ASICloudFilesObjectRequest.m */ = {isa = PBXFileReference; fileEncoding = 4; lastKnownFileType = sourcecode.c.objc; path = ASICloudFilesObjectRequest.m; sourceTree = "<group>"; };
		1222818D17953BBE0016B692 /* ASICloudFilesRequest.h */ = {isa = PBXFileReference; fileEncoding = 4; lastKnownFileType = sourcecode.c.h; path = ASICloudFilesRequest.h; sourceTree = "<group>"; };
		1222818E17953BBE0016B692 /* ASICloudFilesRequest.m */ = {isa = PBXFileReference; fileEncoding = 4; lastKnownFileType = sourcecode.c.objc; path = ASICloudFilesRequest.m; sourceTree = "<group>"; };
		1222819017953BBE0016B692 /* ASINSXMLParserCompat.h */ = {isa = PBXFileReference; fileEncoding = 4; lastKnownFileType = sourcecode.c.h; path = ASINSXMLParserCompat.h; sourceTree = "<group>"; };
		1222819117953BBE0016B692 /* ASIS3Bucket.h */ = {isa = PBXFileReference; fileEncoding = 4; lastKnownFileType = sourcecode.c.h; path = ASIS3Bucket.h; sourceTree = "<group>"; };
		1222819217953BBE0016B692 /* ASIS3Bucket.m */ = {isa = PBXFileReference; fileEncoding = 4; lastKnownFileType = sourcecode.c.objc; path = ASIS3Bucket.m; sourceTree = "<group>"; };
		1222819317953BBE0016B692 /* ASIS3BucketObject.h */ = {isa = PBXFileReference; fileEncoding = 4; lastKnownFileType = sourcecode.c.h; path = ASIS3BucketObject.h; sourceTree = "<group>"; };
		1222819417953BBE0016B692 /* ASIS3BucketObject.m */ = {isa = PBXFileReference; fileEncoding = 4; lastKnownFileType = sourcecode.c.objc; path = ASIS3BucketObject.m; sourceTree = "<group>"; };
		1222819517953BBE0016B692 /* ASIS3BucketRequest.h */ = {isa = PBXFileReference; fileEncoding = 4; lastKnownFileType = sourcecode.c.h; path = ASIS3BucketRequest.h; sourceTree = "<group>"; };
		1222819617953BBE0016B692 /* ASIS3BucketRequest.m */ = {isa = PBXFileReference; fileEncoding = 4; lastKnownFileType = sourcecode.c.objc; path = ASIS3BucketRequest.m; sourceTree = "<group>"; };
		1222819717953BBE0016B692 /* ASIS3ObjectRequest.h */ = {isa = PBXFileReference; fileEncoding = 4; lastKnownFileType = sourcecode.c.h; path = ASIS3ObjectRequest.h; sourceTree = "<group>"; };
		1222819817953BBE0016B692 /* ASIS3ObjectRequest.m */ = {isa = PBXFileReference; fileEncoding = 4; lastKnownFileType = sourcecode.c.objc; path = ASIS3ObjectRequest.m; sourceTree = "<group>"; };
		1222819917953BBE0016B692 /* ASIS3Request.h */ = {isa = PBXFileReference; fileEncoding = 4; lastKnownFileType = sourcecode.c.h; path = ASIS3Request.h; sourceTree = "<group>"; };
		1222819A17953BBE0016B692 /* ASIS3Request.m */ = {isa = PBXFileReference; fileEncoding = 4; lastKnownFileType = sourcecode.c.objc; path = ASIS3Request.m; sourceTree = "<group>"; };
		1222819B17953BBE0016B692 /* ASIS3ServiceRequest.h */ = {isa = PBXFileReference; fileEncoding = 4; lastKnownFileType = sourcecode.c.h; path = ASIS3ServiceRequest.h; sourceTree = "<group>"; };
		1222819C17953BBE0016B692 /* ASIS3ServiceRequest.m */ = {isa = PBXFileReference; fileEncoding = 4; lastKnownFileType = sourcecode.c.objc; path = ASIS3ServiceRequest.m; sourceTree = "<group>"; };
		1222819D17953BBE0016B692 /* CenterViewController.h */ = {isa = PBXFileReference; fileEncoding = 4; lastKnownFileType = sourcecode.c.h; path = CenterViewController.h; sourceTree = "<group>"; };
		1222819E17953BBE0016B692 /* CenterViewController.m */ = {isa = PBXFileReference; fileEncoding = 4; lastKnownFileType = sourcecode.c.objc; path = CenterViewController.m; sourceTree = "<group>"; };
		1222819F17953BBE0016B692 /* CenterViewController.xib */ = {isa = PBXFileReference; fileEncoding = 4; lastKnownFileType = file.xib; path = CenterViewController.xib; sourceTree = "<group>"; };
		122281A017953BBE0016B692 /* Default-568h@2x.png */ = {isa = PBXFileReference; lastKnownFileType = image.png; path = "Default-568h@2x.png"; sourceTree = "<group>"; };
		122281A117953BBE0016B692 /* Default.png */ = {isa = PBXFileReference; lastKnownFileType = image.png; path = Default.png; sourceTree = "<group>"; };
		122281A217953BBE0016B692 /* Default@2x.png */ = {isa = PBXFileReference; lastKnownFileType = image.png; path = "Default@2x.png"; sourceTree = "<group>"; };
		122281A317953BBE0016B692 /* DefineClass.h */ = {isa = PBXFileReference; fileEncoding = 4; lastKnownFileType = sourcecode.c.h; path = DefineClass.h; sourceTree = "<group>"; };
		122281A517953BBE0016B692 /* en */ = {isa = PBXFileReference; lastKnownFileType = text.plist.strings; name = en; path = en.lproj/InfoPlist.strings; sourceTree = "<group>"; };
		122281A617953BBE0016B692 /* ImageUpload-Info.plist */ = {isa = PBXFileReference; fileEncoding = 4; lastKnownFileType = text.plist.xml; path = "ImageUpload-Info.plist"; sourceTree = "<group>"; };
		122281A717953BBE0016B692 /* ImageUpload-Prefix.pch */ = {isa = PBXFileReference; fileEncoding = 4; lastKnownFileType = sourcecode.c.h; path = "ImageUpload-Prefix.pch"; sourceTree = "<group>"; };
		122281A817953BBE0016B692 /* main.m */ = {isa = PBXFileReference; fileEncoding = 4; lastKnownFileType = sourcecode.c.objc; path = main.m; sourceTree = "<group>"; };
		122281AA17953BBE0016B692 /* iToast.h */ = {isa = PBXFileReference; fileEncoding = 4; lastKnownFileType = sourcecode.c.h; path = iToast.h; sourceTree = "<group>"; };
		122281AB17953BBE0016B692 /* iToast.m */ = {isa = PBXFileReference; fileEncoding = 4; lastKnownFileType = sourcecode.c.objc; path = iToast.m; sourceTree = "<group>"; };
		122281AC17953BBE0016B692 /* KeyinputAccessoryView.h */ = {isa = PBXFileReference; fileEncoding = 4; lastKnownFileType = sourcecode.c.h; path = KeyinputAccessoryView.h; sourceTree = "<group>"; };
		122281AD17953BBE0016B692 /* KeyinputAccessoryView.m */ = {isa = PBXFileReference; fileEncoding = 4; lastKnownFileType = sourcecode.c.objc; path = KeyinputAccessoryView.m; sourceTree = "<group>"; };
		122281AE17953BBE0016B692 /* KeyinputAccessoryView.xib */ = {isa = PBXFileReference; fileEncoding = 4; lastKnownFileType = file.xib; path = KeyinputAccessoryView.xib; sourceTree = "<group>"; };
		122281AF17953BBE0016B692 /* MyNavigationController.h */ = {isa = PBXFileReference; fileEncoding = 4; lastKnownFileType = sourcecode.c.h; path = MyNavigationController.h; sourceTree = "<group>"; };
		122281B017953BBE0016B692 /* MyNavigationController.m */ = {isa = PBXFileReference; fileEncoding = 4; lastKnownFileType = sourcecode.c.objc; path = MyNavigationController.m; sourceTree = "<group>"; };
		122281B117953BBE0016B692 /* NSString+NSstringChange.h */ = {isa = PBXFileReference; fileEncoding = 4; lastKnownFileType = sourcecode.c.h; name = "NSString+NSstringChange.h"; path = "../NSString+NSstringChange.h"; sourceTree = "<group>"; };
		122281B217953BBE0016B692 /* NSString+NSstringChange.m */ = {isa = PBXFileReference; fileEncoding = 4; lastKnownFileType = sourcecode.c.objc; name = "NSString+NSstringChange.m"; path = "../NSString+NSstringChange.m"; sourceTree = "<group>"; };
		122281B417953BBE0016B692 /* Reachability.h */ = {isa = PBXFileReference; fileEncoding = 4; lastKnownFileType = sourcecode.c.h; path = Reachability.h; sourceTree = "<group>"; };
		122281B517953BBE0016B692 /* Reachability.m */ = {isa = PBXFileReference; fileEncoding = 4; lastKnownFileType = sourcecode.c.objc; path = Reachability.m; sourceTree = "<group>"; };
		122281B717953BBE0016B692 /* LoginViewController.h */ = {isa = PBXFileReference; fileEncoding = 4; lastKnownFileType = sourcecode.c.h; path = LoginViewController.h; sourceTree = "<group>"; };
		122281B817953BBE0016B692 /* LoginViewController.m */ = {isa = PBXFileReference; fileEncoding = 4; lastKnownFileType = sourcecode.c.objc; path = LoginViewController.m; sourceTree = "<group>"; };
		122281B917953BBE0016B692 /* LoginViewController.xib */ = {isa = PBXFileReference; fileEncoding = 4; lastKnownFileType = file.xib; path = LoginViewController.xib; sourceTree = "<group>"; };
		122281BB17953BBE0016B692 /* grieved@2x.png */ = {isa = PBXFileReference; lastKnownFileType = image.png; path = "grieved@2x.png"; sourceTree = "<group>"; };
		122281BC17953BBE0016B692 /* iphone_bac@2x.png */ = {isa = PBXFileReference; lastKnownFileType = image.png; path = "iphone_bac@2x.png"; sourceTree = "<group>"; };
		122281BD17953BBE0016B692 /* login_button_bac@2x.png */ = {isa = PBXFileReference; lastKnownFileType = image.png; path = "login_button_bac@2x.png"; sourceTree = "<group>"; };
		122281BE17953BBE0016B692 /* login_click_after@2x.png */ = {isa = PBXFileReference; lastKnownFileType = image.png; path = "login_click_after@2x.png"; sourceTree = "<group>"; };
		122281BF17953BBE0016B692 /* login_click_before@2x.png */ = {isa = PBXFileReference; lastKnownFileType = image.png; path = "login_click_before@2x.png"; sourceTree = "<group>"; };
		122281C017953BBE0016B692 /* login_reset_bac@2x.png */ = {isa = PBXFileReference; lastKnownFileType = image.png; path = "login_reset_bac@2x.png"; sourceTree = "<group>"; };
		122281F717953D200016B692 /* NetWork.h */ = {isa = PBXFileReference; fileEncoding = 4; lastKnownFileType = sourcecode.c.h; path = NetWork.h; sourceTree = "<group>"; };
		122281F817953D200016B692 /* NetWork.m */ = {isa = PBXFileReference; fileEncoding = 4; lastKnownFileType = sourcecode.c.objc; path = NetWork.m; sourceTree = "<group>"; };
		12757C4D179E2CDC00DC8A14 /* ImageIO.framework */ = {isa = PBXFileReference; lastKnownFileType = wrapper.framework; name = ImageIO.framework; path = System/Library/Frameworks/ImageIO.framework; sourceTree = SDKROOT; };
		12757C50179E2CE700DC8A14 /* AssetsLibrary.framework */ = {isa = PBXFileReference; lastKnownFileType = wrapper.framework; name = AssetsLibrary.framework; path = System/Library/Frameworks/AssetsLibrary.framework; sourceTree = SDKROOT; };
		1297905517EED74C0043D799 /* icon.jpg */ = {isa = PBXFileReference; lastKnownFileType = image.jpeg; path = icon.jpg; sourceTree = "<group>"; };
		129AAEA8179D1F4800A6437B /* add@2x.png */ = {isa = PBXFileReference; lastKnownFileType = image.png; path = "add@2x.png"; sourceTree = "<group>"; };
		129AAEA9179D1F4800A6437B /* deleteBtn@2x.png */ = {isa = PBXFileReference; lastKnownFileType = image.png; path = "deleteBtn@2x.png"; sourceTree = "<group>"; };
		129AAEBE179D24CE00A6437B /* QuartzCore.framework */ = {isa = PBXFileReference; lastKnownFileType = wrapper.framework; name = QuartzCore.framework; path = System/Library/Frameworks/QuartzCore.framework; sourceTree = SDKROOT; };
		12B7D41E1796814700FA7CEC /* CircularProgressView.h */ = {isa = PBXFileReference; fileEncoding = 4; lastKnownFileType = sourcecode.c.h; path = CircularProgressView.h; sourceTree = "<group>"; };
		12B7D41F1796814700FA7CEC /* CircularProgressView.m */ = {isa = PBXFileReference; fileEncoding = 4; lastKnownFileType = sourcecode.c.objc; path = CircularProgressView.m; sourceTree = "<group>"; };
		12B7D4211796830400FA7CEC /* MyProgressView.h */ = {isa = PBXFileReference; fileEncoding = 4; lastKnownFileType = sourcecode.c.h; path = MyProgressView.h; sourceTree = "<group>"; };
		12B7D4221796830400FA7CEC /* MyProgressView.m */ = {isa = PBXFileReference; fileEncoding = 4; lastKnownFileType = sourcecode.c.objc; path = MyProgressView.m; sourceTree = "<group>"; };
		12C378C91807DEFD005B140F /* base64.h */ = {isa = PBXFileReference; fileEncoding = 4; lastKnownFileType = sourcecode.c.h; path = base64.h; sourceTree = "<group>"; };
		12C378CA1807DEFD005B140F /* base64.m */ = {isa = PBXFileReference; fileEncoding = 4; lastKnownFileType = sourcecode.c.objc; path = base64.m; sourceTree = "<group>"; };
		12C378CB1807DEFD005B140F /* Base64_Encode_Decode.h */ = {isa = PBXFileReference; fileEncoding = 4; lastKnownFileType = sourcecode.c.h; path = Base64_Encode_Decode.h; sourceTree = "<group>"; };
		12C378CC1807DEFD005B140F /* Base64_Encode_Decode.m */ = {isa = PBXFileReference; fileEncoding = 4; lastKnownFileType = sourcecode.c.objc; path = Base64_Encode_Decode.m; sourceTree = "<group>"; };
		12CCFEAA18093B2E00631087 /* Xml_Perser.h */ = {isa = PBXFileReference; fileEncoding = 4; lastKnownFileType = sourcecode.c.h; path = Xml_Perser.h; sourceTree = "<group>"; };
		12CCFEAB18093B2E00631087 /* Xml_Perser.m */ = {isa = PBXFileReference; fileEncoding = 4; lastKnownFileType = sourcecode.c.objc; path = Xml_Perser.m; sourceTree = "<group>"; };
		12CCFEAE1809501800631087 /* TFHpple.h */ = {isa = PBXFileReference; fileEncoding = 4; lastKnownFileType = sourcecode.c.h; path = TFHpple.h; sourceTree = "<group>"; };
		12CCFEAF1809501800631087 /* TFHpple.m */ = {isa = PBXFileReference; fileEncoding = 4; lastKnownFileType = sourcecode.c.objc; path = TFHpple.m; sourceTree = "<group>"; };
		12CCFEB01809501800631087 /* TFHppleElement.h */ = {isa = PBXFileReference; fileEncoding = 4; lastKnownFileType = sourcecode.c.h; path = TFHppleElement.h; sourceTree = "<group>"; };
		12CCFEB11809501800631087 /* TFHppleElement.m */ = {isa = PBXFileReference; fileEncoding = 4; lastKnownFileType = sourcecode.c.objc; path = TFHppleElement.m; sourceTree = "<group>"; };
		12CCFEB41809504900631087 /* XPathQuery.m */ = {isa = PBXFileReference; fileEncoding = 4; lastKnownFileType = sourcecode.c.objc; path = XPathQuery.m; sourceTree = "<group>"; };
		12CCFEB51809504900631087 /* XPathQuery.h */ = {isa = PBXFileReference; fileEncoding = 4; lastKnownFileType = sourcecode.c.h; path = XPathQuery.h; sourceTree = "<group>"; };
		12D11FD217F41DA800A96B0B /* libWeChatSDK.a */ = {isa = PBXFileReference; lastKnownFileType = archive.ar; path = libWeChatSDK.a; sourceTree = "<group>"; };
		12D11FD317F41DA800A96B0B /* WXApi.h */ = {isa = PBXFileReference; fileEncoding = 4; lastKnownFileType = sourcecode.c.h; path = WXApi.h; sourceTree = "<group>"; };
		12D11FD417F41DA800A96B0B /* WXApiObject.h */ = {isa = PBXFileReference; fileEncoding = 4; lastKnownFileType = sourcecode.c.h; path = WXApiObject.h; sourceTree = "<group>"; };
		12D2930A1807903400A26FED /* dynamic.p12 */ = {isa = PBXFileReference; lastKnownFileType = file; path = dynamic.p12; sourceTree = "<group>"; };
		12D2930D1807A51500A26FED /* TrainNetWork.h */ = {isa = PBXFileReference; fileEncoding = 4; lastKnownFileType = sourcecode.c.h; path = TrainNetWork.h; sourceTree = "<group>"; };
		12D2930E1807A51500A26FED /* TrainNetWork.m */ = {isa = PBXFileReference; fileEncoding = 4; lastKnownFileType = sourcecode.c.objc; path = TrainNetWork.m; sourceTree = "<group>"; };
		12D7C8E8180BBB9A00F20038 /* OrderRequestViewController.h */ = {isa = PBXFileReference; fileEncoding = 4; lastKnownFileType = sourcecode.c.h; path = OrderRequestViewController.h; sourceTree = "<group>"; };
		12D7C8E9180BBB9A00F20038 /* OrderRequestViewController.m */ = {isa = PBXFileReference; fileEncoding = 4; lastKnownFileType = sourcecode.c.objc; path = OrderRequestViewController.m; sourceTree = "<group>"; };
		12D7C8EA180BBB9A00F20038 /* OrderRequestViewController.xib */ = {isa = PBXFileReference; fileEncoding = 4; lastKnownFileType = file.xib; path = OrderRequestViewController.xib; sourceTree = "<group>"; };
		12D7C8F4180BCD5C00F20038 /* station.txt */ = {isa = PBXFileReference; fileEncoding = 4; lastKnownFileType = text; path = station.txt; sourceTree = "<group>"; };
		12D863BE1803C0A500459DCC /* ML.pdf */ = {isa = PBXFileReference; lastKnownFileType = image.pdf; path = ML.pdf; sourceTree = "<group>"; };
		12D863BF1803C0A500459DCC /* res7.jpg */ = {isa = PBXFileReference; lastKnownFileType = image.jpeg; path = res7.jpg; sourceTree = "<group>"; };
		12D863C01803C0A600459DCC /* res1.jpg */ = {isa = PBXFileReference; lastKnownFileType = image.jpeg; path = res1.jpg; sourceTree = "<group>"; };
		12D863C11803C0A600459DCC /* res1thumb.png */ = {isa = PBXFileReference; lastKnownFileType = image.png; path = res1thumb.png; sourceTree = "<group>"; };
		12D863C21803C0A600459DCC /* res2.png */ = {isa = PBXFileReference; lastKnownFileType = image.png; path = res2.png; sourceTree = "<group>"; };
		12D863C31803C0A600459DCC /* res2.jpg */ = {isa = PBXFileReference; lastKnownFileType = image.jpeg; path = res2.jpg; sourceTree = "<group>"; };
		12D863C41803C0A600459DCC /* res3.jpg */ = {isa = PBXFileReference; lastKnownFileType = image.jpeg; path = res3.jpg; sourceTree = "<group>"; };
		12D863C51803C0A600459DCC /* res4.jpg */ = {isa = PBXFileReference; lastKnownFileType = image.jpeg; path = res4.jpg; sourceTree = "<group>"; };
		12D863C61803C0A600459DCC /* res5.jpg */ = {isa = PBXFileReference; lastKnownFileType = image.jpeg; path = res5.jpg; sourceTree = "<group>"; };
		12D863C71803C0A600459DCC /* res5thumb.png */ = {isa = PBXFileReference; lastKnownFileType = image.png; path = res5thumb.png; sourceTree = "<group>"; };
		12D863C81803C0A600459DCC /* res6thumb.png */ = {isa = PBXFileReference; lastKnownFileType = image.png; path = res6thumb.png; sourceTree = "<group>"; };
		12D863C91803C0A600459DCC /* res6.gif */ = {isa = PBXFileReference; lastKnownFileType = image.gif; path = res6.gif; sourceTree = "<group>"; };
		12D863CA1803C0A600459DCC /* lindan.gif */ = {isa = PBXFileReference; lastKnownFileType = image.gif; path = lindan.gif; sourceTree = "<group>"; };
		12D863D81803C35F00459DCC /* RespForWeChatViewController.h */ = {isa = PBXFileReference; fileEncoding = 4; lastKnownFileType = sourcecode.c.h; path = RespForWeChatViewController.h; sourceTree = "<group>"; };
		12D863D91803C35F00459DCC /* RespForWeChatViewController.mm */ = {isa = PBXFileReference; fileEncoding = 4; lastKnownFileType = sourcecode.cpp.objcpp; path = RespForWeChatViewController.mm; sourceTree = "<group>"; };
		12DF100F1808F6080008F040 /* GDataXMLNode.h */ = {isa = PBXFileReference; fileEncoding = 4; lastKnownFileType = sourcecode.c.h; path = GDataXMLNode.h; sourceTree = "<group>"; };
		12DF10101808F6080008F040 /* GDataXMLNode.m */ = {isa = PBXFileReference; fileEncoding = 4; lastKnownFileType = sourcecode.c.objc; path = GDataXMLNode.m; sourceTree = "<group>"; };
		12E7C6551807CEFD00FCCDBB /* TrainViewController.h */ = {isa = PBXFileReference; fileEncoding = 4; lastKnownFileType = sourcecode.c.h; path = TrainViewController.h; sourceTree = "<group>"; };
		12E7C6561807CEFD00FCCDBB /* TrainViewController.m */ = {isa = PBXFileReference; fileEncoding = 4; lastKnownFileType = sourcecode.c.objc; path = TrainViewController.m; sourceTree = "<group>"; };
		12E7C6571807CEFD00FCCDBB /* TrainViewController.xib */ = {isa = PBXFileReference; fileEncoding = 4; lastKnownFileType = file.xib; path = TrainViewController.xib; sourceTree = "<group>"; };
/* End PBXFileReference section */

/* Begin PBXFrameworksBuildPhase section */
		121952261794DF9400062EBF /* Frameworks */ = {
			isa = PBXFrameworksBuildPhase;
			buildActionMask = 2147483647;
			files = (
				1221FCEC179F82E200A70548 /* CoreLocation.framework in Frameworks */,
				12757C51179E2CE700DC8A14 /* AssetsLibrary.framework in Frameworks */,
				12757C4E179E2CDC00DC8A14 /* ImageIO.framework in Frameworks */,
				129AAEBF179D24CE00A6437B /* QuartzCore.framework in Frameworks */,
				12D11FD517F41DA800A96B0B /* libWeChatSDK.a in Frameworks */,
				121952531794DFD500062EBF /* libz.1.2.5.dylib in Frameworks */,
				121952511794DFCE00062EBF /* CFNetwork.framework in Frameworks */,
				1219524F1794DFCA00062EBF /* SystemConfiguration.framework in Frameworks */,
				1219524D1794DFBD00062EBF /* MobileCoreServices.framework in Frameworks */,
				1219524B1794DFB600062EBF /* Security.framework in Frameworks */,
				1219522E1794DF9400062EBF /* UIKit.framework in Frameworks */,
				121952301794DF9400062EBF /* Foundation.framework in Frameworks */,
				121952321794DF9400062EBF /* CoreGraphics.framework in Frameworks */,
			);
			runOnlyForDeploymentPostprocessing = 0;
		};
/* End PBXFrameworksBuildPhase section */

/* Begin PBXGroup section */
		120A11571797DF9000FBE5DE /* SaveImage */ = {
			isa = PBXGroup;
			children = (
				120A115B1797E37500FBE5DE /* SaveScaledImage.h */,
				120A115C1797E37500FBE5DE /* SaveScaledImage.m */,
			);
			name = SaveImage;
			sourceTree = "<group>";
		};
		1219521E1794DF9400062EBF = {
			isa = PBXGroup;
			children = (
				1222816517953BBE0016B692 /* ImageUpload */,
				1219522C1794DF9400062EBF /* Frameworks */,
				1219522A1794DF9400062EBF /* Products */,
			);
			sourceTree = "<group>";
		};
		1219522A1794DF9400062EBF /* Products */ = {
			isa = PBXGroup;
			children = (
				121952291794DF9400062EBF /* ImageUpload.app */,
			);
			name = Products;
			sourceTree = "<group>";
		};
		1219522C1794DF9400062EBF /* Frameworks */ = {
			isa = PBXGroup;
			children = (
				12D2930A1807903400A26FED /* dynamic.p12 */,
				1221FCEB179F82E200A70548 /* CoreLocation.framework */,
				12757C50179E2CE700DC8A14 /* AssetsLibrary.framework */,
				12757C4D179E2CDC00DC8A14 /* ImageIO.framework */,
				129AAEBE179D24CE00A6437B /* QuartzCore.framework */,
				121952521794DFD500062EBF /* libz.1.2.5.dylib */,
				121952501794DFCE00062EBF /* CFNetwork.framework */,
				1219524E1794DFCA00062EBF /* SystemConfiguration.framework */,
				1219524C1794DFBD00062EBF /* MobileCoreServices.framework */,
				1219524A1794DFB600062EBF /* Security.framework */,
				1219522D1794DF9400062EBF /* UIKit.framework */,
				1219522F1794DF9400062EBF /* Foundation.framework */,
				121952311794DF9400062EBF /* CoreGraphics.framework */,
			);
			name = Frameworks;
			sourceTree = "<group>";
		};
		1221FCED179FB30C00A70548 /* Setting */ = {
			isa = PBXGroup;
			children = (
				1221FCEE179FB33300A70548 /* SettingViewController.h */,
				1221FCEF179FB33300A70548 /* SettingViewController.m */,
				1221FCF0179FB33300A70548 /* SettingViewController.xib */,
			);
			name = Setting;
			sourceTree = "<group>";
		};
		1222816517953BBE0016B692 /* ImageUpload */ = {
			isa = PBXGroup;
			children = (
				12CCFEAD1809500700631087 /* HTMLPrarse */,
				12DF10071808EC170008F040 /* XMLParser */,
				12C378C81807DEF0005B140F /* Base64 */,
				12D2930C1807A49400A26FED /* Train */,
				12D11FD117F41D9700A96B0B /* WeChat */,
				120A11571797DF9000FBE5DE /* SaveImage */,
				122281F617953CF40016B692 /* NetWork */,
				122281F517953CC40016B692 /* Main */,
				122281A917953BBE0016B692 /* MyCustomView */,
				122281B617953BBE0016B692 /* Login */,
				122281BA17953BBE0016B692 /* UIImage */,
				122281F017953C510016B692 /* Hong */,
				1221FCED179FB30C00A70548 /* Setting */,
				122281EF17953C370016B692 /* HomePage */,
				1222816817953BBE0016B692 /* ASIHttpRequest */,
			);
			path = ImageUpload;
			sourceTree = "<group>";
		};
		1222816817953BBE0016B692 /* ASIHttpRequest */ = {
			isa = PBXGroup;
			children = (
				122281EE17953C1A0016B692 /* HttpRequest */,
				122281B317953BBE0016B692 /* Reachability */,
				1222817D17953BBE0016B692 /* ASIWebPageRequest */,
				1222818017953BBE0016B692 /* CloudFiles */,
				1222818F17953BBE0016B692 /* S3 */,
			);
			path = ASIHttpRequest;
			sourceTree = "<group>";
		};
		1222817D17953BBE0016B692 /* ASIWebPageRequest */ = {
			isa = PBXGroup;
			children = (
				1222817E17953BBE0016B692 /* ASIWebPageRequest.h */,
				1222817F17953BBE0016B692 /* ASIWebPageRequest.m */,
			);
			path = ASIWebPageRequest;
			sourceTree = "<group>";
		};
		1222818017953BBE0016B692 /* CloudFiles */ = {
			isa = PBXGroup;
			children = (
				1222818117953BBE0016B692 /* ASICloudFilesCDNRequest.h */,
				1222818217953BBE0016B692 /* ASICloudFilesCDNRequest.m */,
				1222818317953BBE0016B692 /* ASICloudFilesContainer.h */,
				1222818417953BBE0016B692 /* ASICloudFilesContainer.m */,
				1222818517953BBE0016B692 /* ASICloudFilesContainerRequest.h */,
				1222818617953BBE0016B692 /* ASICloudFilesContainerRequest.m */,
				1222818717953BBE0016B692 /* ASICloudFilesContainerXMLParserDelegate.h */,
				1222818817953BBE0016B692 /* ASICloudFilesContainerXMLParserDelegate.m */,
				1222818917953BBE0016B692 /* ASICloudFilesObject.h */,
				1222818A17953BBE0016B692 /* ASICloudFilesObject.m */,
				1222818B17953BBE0016B692 /* ASICloudFilesObjectRequest.h */,
				1222818C17953BBE0016B692 /* ASICloudFilesObjectRequest.m */,
				1222818D17953BBE0016B692 /* ASICloudFilesRequest.h */,
				1222818E17953BBE0016B692 /* ASICloudFilesRequest.m */,
			);
			path = CloudFiles;
			sourceTree = "<group>";
		};
		1222818F17953BBE0016B692 /* S3 */ = {
			isa = PBXGroup;
			children = (
				1222819017953BBE0016B692 /* ASINSXMLParserCompat.h */,
				1222819117953BBE0016B692 /* ASIS3Bucket.h */,
				1222819217953BBE0016B692 /* ASIS3Bucket.m */,
				1222819317953BBE0016B692 /* ASIS3BucketObject.h */,
				1222819417953BBE0016B692 /* ASIS3BucketObject.m */,
				1222819517953BBE0016B692 /* ASIS3BucketRequest.h */,
				1222819617953BBE0016B692 /* ASIS3BucketRequest.m */,
				1222819717953BBE0016B692 /* ASIS3ObjectRequest.h */,
				1222819817953BBE0016B692 /* ASIS3ObjectRequest.m */,
				1222819917953BBE0016B692 /* ASIS3Request.h */,
				1222819A17953BBE0016B692 /* ASIS3Request.m */,
				1222819B17953BBE0016B692 /* ASIS3ServiceRequest.h */,
				1222819C17953BBE0016B692 /* ASIS3ServiceRequest.m */,
			);
			path = S3;
			sourceTree = "<group>";
		};
		122281A917953BBE0016B692 /* MyCustomView */ = {
			isa = PBXGroup;
			children = (
				12B7D41B1796812600FA7CEC /* 进度条 */,
				122281F417953C9F0016B692 /* 字符串 */,
				122281F317953C8C0016B692 /* 导航条 */,
				122281F217953C820016B692 /* 键盘 */,
				122281F117953C720016B692 /* 提示框 */,
			);
			path = MyCustomView;
			sourceTree = "<group>";
		};
		122281B317953BBE0016B692 /* Reachability */ = {
			isa = PBXGroup;
			children = (
				122281B417953BBE0016B692 /* Reachability.h */,
				122281B517953BBE0016B692 /* Reachability.m */,
			);
			name = Reachability;
			path = ../Reachability;
			sourceTree = "<group>";
		};
		122281B617953BBE0016B692 /* Login */ = {
			isa = PBXGroup;
			children = (
				122281B717953BBE0016B692 /* LoginViewController.h */,
				122281B817953BBE0016B692 /* LoginViewController.m */,
				122281B917953BBE0016B692 /* LoginViewController.xib */,
			);
			name = Login;
			path = UI;
			sourceTree = "<group>";
		};
		122281BA17953BBE0016B692 /* UIImage */ = {
			isa = PBXGroup;
			children = (
				1297905517EED74C0043D799 /* icon.jpg */,
				129AAEA8179D1F4800A6437B /* add@2x.png */,
				129AAEA9179D1F4800A6437B /* deleteBtn@2x.png */,
				120F556E1796A33B0058A5C4 /* cancel_progress@2x.png */,
				122281BB17953BBE0016B692 /* grieved@2x.png */,
				122281BC17953BBE0016B692 /* iphone_bac@2x.png */,
				122281BD17953BBE0016B692 /* login_button_bac@2x.png */,
				122281BE17953BBE0016B692 /* login_click_after@2x.png */,
				122281BF17953BBE0016B692 /* login_click_before@2x.png */,
				122281C017953BBE0016B692 /* login_reset_bac@2x.png */,
			);
			path = UIImage;
			sourceTree = "<group>";
		};
		122281EE17953C1A0016B692 /* HttpRequest */ = {
			isa = PBXGroup;
			children = (
				1222816917953BBE0016B692 /* ASIAuthenticationDialog.h */,
				1222816A17953BBE0016B692 /* ASIAuthenticationDialog.m */,
				1222816B17953BBE0016B692 /* ASICacheDelegate.h */,
				1222816C17953BBE0016B692 /* ASIDataCompressor.h */,
				1222816D17953BBE0016B692 /* ASIDataCompressor.m */,
				1222816E17953BBE0016B692 /* ASIDataDecompressor.h */,
				1222816F17953BBE0016B692 /* ASIDataDecompressor.m */,
				1222817017953BBE0016B692 /* ASIDownloadCache.h */,
				1222817117953BBE0016B692 /* ASIDownloadCache.m */,
				1222817217953BBE0016B692 /* ASIFormDataRequest.h */,
				1222817317953BBE0016B692 /* ASIFormDataRequest.m */,
				1222817417953BBE0016B692 /* ASIHTTPRequest.h */,
				1222817517953BBE0016B692 /* ASIHTTPRequest.m */,
				1222817617953BBE0016B692 /* ASIHTTPRequestConfig.h */,
				1222817717953BBE0016B692 /* ASIHTTPRequestDelegate.h */,
				1222817817953BBE0016B692 /* ASIInputStream.h */,
				1222817917953BBE0016B692 /* ASIInputStream.m */,
				1222817A17953BBE0016B692 /* ASINetworkQueue.h */,
				1222817B17953BBE0016B692 /* ASINetworkQueue.m */,
				1222817C17953BBE0016B692 /* ASIProgressDelegate.h */,
			);
			name = HttpRequest;
			sourceTree = "<group>";
		};
		122281EF17953C370016B692 /* HomePage */ = {
			isa = PBXGroup;
			children = (
				1222819D17953BBE0016B692 /* CenterViewController.h */,
				1222819E17953BBE0016B692 /* CenterViewController.m */,
				1222819F17953BBE0016B692 /* CenterViewController.xib */,
			);
			name = HomePage;
			sourceTree = "<group>";
		};
		122281F017953C510016B692 /* Hong */ = {
			isa = PBXGroup;
			children = (
				122281A317953BBE0016B692 /* DefineClass.h */,
			);
			name = Hong;
			sourceTree = "<group>";
		};
		122281F117953C720016B692 /* 提示框 */ = {
			isa = PBXGroup;
			children = (
				122281AA17953BBE0016B692 /* iToast.h */,
				122281AB17953BBE0016B692 /* iToast.m */,
			);
			name = "提示框";
			sourceTree = "<group>";
		};
		122281F217953C820016B692 /* 键盘 */ = {
			isa = PBXGroup;
			children = (
				122281AC17953BBE0016B692 /* KeyinputAccessoryView.h */,
				122281AD17953BBE0016B692 /* KeyinputAccessoryView.m */,
				122281AE17953BBE0016B692 /* KeyinputAccessoryView.xib */,
			);
			name = "键盘";
			sourceTree = "<group>";
		};
		122281F317953C8C0016B692 /* 导航条 */ = {
			isa = PBXGroup;
			children = (
				122281AF17953BBE0016B692 /* MyNavigationController.h */,
				122281B017953BBE0016B692 /* MyNavigationController.m */,
			);
			name = "导航条";
			sourceTree = "<group>";
		};
		122281F417953C9F0016B692 /* 字符串 */ = {
			isa = PBXGroup;
			children = (
				122281B117953BBE0016B692 /* NSString+NSstringChange.h */,
				122281B217953BBE0016B692 /* NSString+NSstringChange.m */,
			);
			name = "字符串";
			sourceTree = "<group>";
		};
		122281F517953CC40016B692 /* Main */ = {
			isa = PBXGroup;
			children = (
				1222816617953BBE0016B692 /* AppDelegate.h */,
				1222816717953BBE0016B692 /* AppDelegate.m */,
				122281A017953BBE0016B692 /* Default-568h@2x.png */,
				122281A117953BBE0016B692 /* Default.png */,
				122281A217953BBE0016B692 /* Default@2x.png */,
				122281A417953BBE0016B692 /* InfoPlist.strings */,
				122281A617953BBE0016B692 /* ImageUpload-Info.plist */,
				122281A717953BBE0016B692 /* ImageUpload-Prefix.pch */,
				122281A817953BBE0016B692 /* main.m */,
			);
			name = Main;
			sourceTree = "<group>";
		};
		122281F617953CF40016B692 /* NetWork */ = {
			isa = PBXGroup;
			children = (
				122281F717953D200016B692 /* NetWork.h */,
				122281F817953D200016B692 /* NetWork.m */,
				120A1154179794B900FBE5DE /* SendHeartbeat.h */,
				120A1155179794B900FBE5DE /* SendHeartbeat.m */,
			);
			name = NetWork;
			sourceTree = "<group>";
		};
		12B7D41B1796812600FA7CEC /* 进度条 */ = {
			isa = PBXGroup;
			children = (
				12B7D41E1796814700FA7CEC /* CircularProgressView.h */,
				12B7D41F1796814700FA7CEC /* CircularProgressView.m */,
				12B7D4211796830400FA7CEC /* MyProgressView.h */,
				12B7D4221796830400FA7CEC /* MyProgressView.m */,
			);
			name = "进度条";
			sourceTree = "<group>";
		};
		12C378C81807DEF0005B140F /* Base64 */ = {
			isa = PBXGroup;
			children = (
				12C378C91807DEFD005B140F /* base64.h */,
				12C378CA1807DEFD005B140F /* base64.m */,
				12C378CB1807DEFD005B140F /* Base64_Encode_Decode.h */,
				12C378CC1807DEFD005B140F /* Base64_Encode_Decode.m */,
			);
			name = Base64;
			sourceTree = "<group>";
		};
		12CCFEAD1809500700631087 /* HTMLPrarse */ = {
			isa = PBXGroup;
			children = (
				12CCFEB41809504900631087 /* XPathQuery.m */,
				12CCFEB51809504900631087 /* XPathQuery.h */,
				12CCFEAE1809501800631087 /* TFHpple.h */,
				12CCFEAF1809501800631087 /* TFHpple.m */,
				12CCFEB01809501800631087 /* TFHppleElement.h */,
				12CCFEB11809501800631087 /* TFHppleElement.m */,
			);
			name = HTMLPrarse;
			sourceTree = "<group>";
		};
		12D11FD117F41D9700A96B0B /* WeChat */ = {
			isa = PBXGroup;
			children = (
				12D863BE1803C0A500459DCC /* ML.pdf */,
				12D863BF1803C0A500459DCC /* res7.jpg */,
				12D863C01803C0A600459DCC /* res1.jpg */,
				12D863C11803C0A600459DCC /* res1thumb.png */,
				12D863C21803C0A600459DCC /* res2.png */,
				12D863C31803C0A600459DCC /* res2.jpg */,
				12D863C41803C0A600459DCC /* res3.jpg */,
				12D863C51803C0A600459DCC /* res4.jpg */,
				12D863C61803C0A600459DCC /* res5.jpg */,
				12D863C71803C0A600459DCC /* res5thumb.png */,
				12D863C81803C0A600459DCC /* res6thumb.png */,
				12D863C91803C0A600459DCC /* res6.gif */,
				12D863CA1803C0A600459DCC /* lindan.gif */,
				12D11FD217F41DA800A96B0B /* libWeChatSDK.a */,
				12D11FD317F41DA800A96B0B /* WXApi.h */,
				12D11FD417F41DA800A96B0B /* WXApiObject.h */,
				12D863D81803C35F00459DCC /* RespForWeChatViewController.h */,
				12D863D91803C35F00459DCC /* RespForWeChatViewController.mm */,
			);
			name = WeChat;
			sourceTree = "<group>";
		};
		12D2930C1807A49400A26FED /* Train */ = {
			isa = PBXGroup;
			children = (
				12D7C8F4180BCD5C00F20038 /* station.txt */,
				12D2930D1807A51500A26FED /* TrainNetWork.h */,
				12D2930E1807A51500A26FED /* TrainNetWork.m */,
				12E7C6551807CEFD00FCCDBB /* TrainViewController.h */,
				12E7C6561807CEFD00FCCDBB /* TrainViewController.m */,
				12E7C6571807CEFD00FCCDBB /* TrainViewController.xib */,
				12D7C8E8180BBB9A00F20038 /* OrderRequestViewController.h */,
				12D7C8E9180BBB9A00F20038 /* OrderRequestViewController.m */,
				12D7C8EA180BBB9A00F20038 /* OrderRequestViewController.xib */,
			);
			name = Train;
			sourceTree = "<group>";
		};
		12DF10071808EC170008F040 /* XMLParser */ = {
			isa = PBXGroup;
			children = (
				12DF100F1808F6080008F040 /* GDataXMLNode.h */,
				12DF10101808F6080008F040 /* GDataXMLNode.m */,
				12CCFEAA18093B2E00631087 /* Xml_Perser.h */,
				12CCFEAB18093B2E00631087 /* Xml_Perser.m */,
			);
			name = XMLParser;
			sourceTree = "<group>";
		};
/* End PBXGroup section */

/* Begin PBXNativeTarget section */
		121952281794DF9400062EBF /* ImageUpload */ = {
			isa = PBXNativeTarget;
			buildConfigurationList = 121952471794DF9400062EBF /* Build configuration list for PBXNativeTarget "ImageUpload" */;
			buildPhases = (
				121952251794DF9400062EBF /* Sources */,
				121952261794DF9400062EBF /* Frameworks */,
				121952271794DF9400062EBF /* Resources */,
			);
			buildRules = (
			);
			dependencies = (
			);
			name = ImageUpload;
			productName = ImageUpload;
			productReference = 121952291794DF9400062EBF /* ImageUpload.app */;
			productType = "com.apple.product-type.application";
		};
/* End PBXNativeTarget section */

/* Begin PBXProject section */
		121952201794DF9400062EBF /* Project object */ = {
			isa = PBXProject;
			attributes = {
				LastUpgradeCheck = 0500;
				ORGANIZATIONNAME = curry;
			};
			buildConfigurationList = 121952231794DF9400062EBF /* Build configuration list for PBXProject "ImageUpload" */;
			compatibilityVersion = "Xcode 3.2";
			developmentRegion = English;
			hasScannedForEncodings = 0;
			knownRegions = (
				en,
			);
			mainGroup = 1219521E1794DF9400062EBF;
			productRefGroup = 1219522A1794DF9400062EBF /* Products */;
			projectDirPath = "";
			projectRoot = "";
			targets = (
				121952281794DF9400062EBF /* ImageUpload */,
			);
		};
/* End PBXProject section */

/* Begin PBXResourcesBuildPhase section */
		121952271794DF9400062EBF /* Resources */ = {
			isa = PBXResourcesBuildPhase;
			buildActionMask = 2147483647;
			files = (
				122281D917953BBE0016B692 /* CenterViewController.xib in Resources */,
				12D863D11803C0A600459DCC /* res3.jpg in Resources */,
				12D863CD1803C0A600459DCC /* res1.jpg in Resources */,
				122281DA17953BBE0016B692 /* Default-568h@2x.png in Resources */,
				122281DB17953BBE0016B692 /* Default.png in Resources */,
				12D863D21803C0A600459DCC /* res4.jpg in Resources */,
				122281DC17953BBE0016B692 /* Default@2x.png in Resources */,
				122281DD17953BBE0016B692 /* InfoPlist.strings in Resources */,
				122281E217953BBE0016B692 /* KeyinputAccessoryView.xib in Resources */,
				12D7C8F5180BCD5C00F20038 /* station.txt in Resources */,
				12D7C8EC180BBB9A00F20038 /* OrderRequestViewController.xib in Resources */,
				122281E717953BBE0016B692 /* LoginViewController.xib in Resources */,
				122281E817953BBE0016B692 /* grieved@2x.png in Resources */,
				122281E917953BBE0016B692 /* iphone_bac@2x.png in Resources */,
				12D863CB1803C0A600459DCC /* ML.pdf in Resources */,
				122281EA17953BBE0016B692 /* login_button_bac@2x.png in Resources */,
				122281EB17953BBE0016B692 /* login_click_after@2x.png in Resources */,
				122281EC17953BBE0016B692 /* login_click_before@2x.png in Resources */,
				122281ED17953BBE0016B692 /* login_reset_bac@2x.png in Resources */,
				12D2930B1807903400A26FED /* dynamic.p12 in Resources */,
				120F556F1796A33B0058A5C4 /* cancel_progress@2x.png in Resources */,
				129AAEAA179D1F4800A6437B /* add@2x.png in Resources */,
				12D863CC1803C0A600459DCC /* res7.jpg in Resources */,
				12D863CF1803C0A600459DCC /* res2.png in Resources */,
				12D863D01803C0A600459DCC /* res2.jpg in Resources */,
				12D863D61803C0A600459DCC /* res6.gif in Resources */,
				12D863D71803C0A600459DCC /* lindan.gif in Resources */,
				12D863D31803C0A600459DCC /* res5.jpg in Resources */,
				129AAEAB179D1F4800A6437B /* deleteBtn@2x.png in Resources */,
				12D863D51803C0A600459DCC /* res6thumb.png in Resources */,
				12D863CE1803C0A600459DCC /* res1thumb.png in Resources */,
				12E7C6591807CEFD00FCCDBB /* TrainViewController.xib in Resources */,
				1221FCF2179FB33300A70548 /* SettingViewController.xib in Resources */,
				1297905617EED74C0043D799 /* icon.jpg in Resources */,
				12D863D41803C0A600459DCC /* res5thumb.png in Resources */,
			);
			runOnlyForDeploymentPostprocessing = 0;
		};
/* End PBXResourcesBuildPhase section */

/* Begin PBXSourcesBuildPhase section */
		121952251794DF9400062EBF /* Sources */ = {
			isa = PBXSourcesBuildPhase;
			buildActionMask = 2147483647;
			files = (
				122281C117953BBE0016B692 /* AppDelegate.m in Sources */,
				122281C217953BBE0016B692 /* ASIAuthenticationDialog.m in Sources */,
				122281C317953BBE0016B692 /* ASIDataCompressor.m in Sources */,
				122281C417953BBE0016B692 /* ASIDataDecompressor.m in Sources */,
				122281C517953BBE0016B692 /* ASIDownloadCache.m in Sources */,
				12DF10111808F6080008F040 /* GDataXMLNode.m in Sources */,
				122281C617953BBE0016B692 /* ASIFormDataRequest.m in Sources */,
				122281C717953BBE0016B692 /* ASIHTTPRequest.m in Sources */,
				12CCFEB31809501800631087 /* TFHppleElement.m in Sources */,
				122281C817953BBE0016B692 /* ASIInputStream.m in Sources */,
				122281C917953BBE0016B692 /* ASINetworkQueue.m in Sources */,
				12D7C8EB180BBB9A00F20038 /* OrderRequestViewController.m in Sources */,
				122281CA17953BBE0016B692 /* ASIWebPageRequest.m in Sources */,
				12D863DA1803C35F00459DCC /* RespForWeChatViewController.mm in Sources */,
				122281CB17953BBE0016B692 /* ASICloudFilesCDNRequest.m in Sources */,
				122281CC17953BBE0016B692 /* ASICloudFilesContainer.m in Sources */,
				122281CD17953BBE0016B692 /* ASICloudFilesContainerRequest.m in Sources */,
				122281CE17953BBE0016B692 /* ASICloudFilesContainerXMLParserDelegate.m in Sources */,
				122281CF17953BBE0016B692 /* ASICloudFilesObject.m in Sources */,
				122281D017953BBE0016B692 /* ASICloudFilesObjectRequest.m in Sources */,
				122281D117953BBE0016B692 /* ASICloudFilesRequest.m in Sources */,
				122281D217953BBE0016B692 /* ASIS3Bucket.m in Sources */,
				122281D317953BBE0016B692 /* ASIS3BucketObject.m in Sources */,
				122281D417953BBE0016B692 /* ASIS3BucketRequest.m in Sources */,
				122281D517953BBE0016B692 /* ASIS3ObjectRequest.m in Sources */,
				122281D617953BBE0016B692 /* ASIS3Request.m in Sources */,
				12D2930F1807A51500A26FED /* TrainNetWork.m in Sources */,
				122281D717953BBE0016B692 /* ASIS3ServiceRequest.m in Sources */,
				122281D817953BBE0016B692 /* CenterViewController.m in Sources */,
				122281DF17953BBE0016B692 /* main.m in Sources */,
				122281E017953BBE0016B692 /* iToast.m in Sources */,
				122281E117953BBE0016B692 /* KeyinputAccessoryView.m in Sources */,
				122281E317953BBE0016B692 /* MyNavigationController.m in Sources */,
				122281E417953BBE0016B692 /* NSString+NSstringChange.m in Sources */,
				122281E517953BBE0016B692 /* Reachability.m in Sources */,
				12C378CE1807DEFD005B140F /* Base64_Encode_Decode.m in Sources */,
				122281E617953BBE0016B692 /* LoginViewController.m in Sources */,
				122281F917953D200016B692 /* NetWork.m in Sources */,
				12CCFEAC18093B2E00631087 /* Xml_Perser.m in Sources */,
				12B7D4201796814700FA7CEC /* CircularProgressView.m in Sources */,
				12B7D4231796830400FA7CEC /* MyProgressView.m in Sources */,
				120A1156179794B900FBE5DE /* SendHeartbeat.m in Sources */,
				12CCFEB61809504900631087 /* XPathQuery.m in Sources */,
				12CCFEB21809501800631087 /* TFHpple.m in Sources */,
				12E7C6581807CEFD00FCCDBB /* TrainViewController.m in Sources */,
				120A115D1797E37500FBE5DE /* SaveScaledImage.m in Sources */,
				12C378CD1807DEFD005B140F /* base64.m in Sources */,
				1221FCF1179FB33300A70548 /* SettingViewController.m in Sources */,
			);
			runOnlyForDeploymentPostprocessing = 0;
		};
/* End PBXSourcesBuildPhase section */

/* Begin PBXVariantGroup section */
		122281A417953BBE0016B692 /* InfoPlist.strings */ = {
			isa = PBXVariantGroup;
			children = (
				122281A517953BBE0016B692 /* en */,
			);
			name = InfoPlist.strings;
			sourceTree = "<group>";
		};
/* End PBXVariantGroup section */

/* Begin XCBuildConfiguration section */
		121952451794DF9400062EBF /* Debug */ = {
			isa = XCBuildConfiguration;
			buildSettings = {
				ALWAYS_SEARCH_USER_PATHS = NO;
				CLANG_CXX_LANGUAGE_STANDARD = "gnu++0x";
				CLANG_CXX_LIBRARY = "libc++";
				CLANG_ENABLE_OBJC_ARC = NO;
				CLANG_WARN_EMPTY_BODY = YES;
				CLANG_WARN__DUPLICATE_METHOD_MATCH = YES;
				CODE_SIGN_IDENTITY = "iPhone Developer: ç äº® (7MEP5D8XMN)";
				"CODE_SIGN_IDENTITY[sdk=iphoneos*]" = "iPhone Developer: ç äº® (7MEP5D8XMN)";
				COPY_PHASE_STRIP = NO;
				GCC_C_LANGUAGE_STANDARD = gnu99;
				GCC_DYNAMIC_NO_PIC = NO;
				GCC_OPTIMIZATION_LEVEL = 0;
				GCC_PREPROCESSOR_DEFINITIONS = (
					"DEBUG=1",
					"$(inherited)",
				);
				GCC_SYMBOLS_PRIVATE_EXTERN = NO;
				GCC_WARN_ABOUT_RETURN_TYPE = YES;
				GCC_WARN_UNINITIALIZED_AUTOS = YES;
				GCC_WARN_UNUSED_VARIABLE = YES;
				HEADER_SEARCH_PATHS = (
					"${SDK_DIR}/usr/include/libxml2",
					"${SDKROOT}/usr/include/libxml2",
				);
				IPHONEOS_DEPLOYMENT_TARGET = 5.0;
				ONLY_ACTIVE_ARCH = YES;
				OTHER_LDFLAGS = "-lxml2";
				PROVISIONING_PROFILE = "4FA8926B-9EF4-4DBA-A54F-57807DA498F3";
				"PROVISIONING_PROFILE[sdk=iphoneos*]" = "4FA8926B-9EF4-4DBA-A54F-57807DA498F3";
				SDKROOT = iphoneos;
			};
			name = Debug;
		};
		121952461794DF9400062EBF /* Release */ = {
			isa = XCBuildConfiguration;
			buildSettings = {
				ALWAYS_SEARCH_USER_PATHS = NO;
				CLANG_CXX_LANGUAGE_STANDARD = "gnu++0x";
				CLANG_CXX_LIBRARY = "libc++";
				CLANG_ENABLE_OBJC_ARC = NO;
				CLANG_WARN_EMPTY_BODY = YES;
				CLANG_WARN__DUPLICATE_METHOD_MATCH = YES;
				CODE_SIGN_IDENTITY = "iPhone Developer: ç äº® (7MEP5D8XMN)";
				"CODE_SIGN_IDENTITY[sdk=iphoneos*]" = "iPhone Developer: ç äº® (7MEP5D8XMN)";
				COPY_PHASE_STRIP = YES;
				GCC_C_LANGUAGE_STANDARD = gnu99;
				GCC_WARN_ABOUT_RETURN_TYPE = YES;
				GCC_WARN_UNINITIALIZED_AUTOS = YES;
				GCC_WARN_UNUSED_VARIABLE = YES;
				HEADER_SEARCH_PATHS = (
					"${SDK_DIR}/usr/include/libxml2",
					"${SDKROOT}/usr/include/libxml2",
				);
				IPHONEOS_DEPLOYMENT_TARGET = 5.0;
				OTHER_CFLAGS = "-DNS_BLOCK_ASSERTIONS=1";
				OTHER_LDFLAGS = "-lxml2";
				PROVISIONING_PROFILE = "4FA8926B-9EF4-4DBA-A54F-57807DA498F3";
				"PROVISIONING_PROFILE[sdk=iphoneos*]" = "4FA8926B-9EF4-4DBA-A54F-57807DA498F3";
				SDKROOT = iphoneos;
				VALIDATE_PRODUCT = YES;
			};
			name = Release;
		};
		121952481794DF9400062EBF /* Debug */ = {
			isa = XCBuildConfiguration;
			buildSettings = {
				CLANG_ENABLE_OBJC_ARC = NO;
				GCC_PRECOMPILE_PREFIX_HEADER = YES;
				GCC_PREFIX_HEADER = "ImageUpload/ImageUpload-Prefix.pch";
				HEADER_SEARCH_PATHS = (
					"${SDK_DIR}/usr/include/libxml2",
					/usr/include/libxml2,
					"${SDKROOT}/usr/include/libxml2",
				);
				INFOPLIST_FILE = "ImageUpload/ImageUpload-Info.plist";
				IPHONEOS_DEPLOYMENT_TARGET = 5.0;
				LIBRARY_SEARCH_PATHS = (
					"$(inherited)",
					/Users/meoliver/Desktop/ImageUpload/ImageUpload,
				);
				OTHER_LDFLAGS = "-lxml2";
				PRODUCT_NAME = "$(TARGET_NAME)";
				WRAPPER_EXTENSION = app;
			};
			name = Debug;
		};
		121952491794DF9400062EBF /* Release */ = {
			isa = XCBuildConfiguration;
			buildSettings = {
				CLANG_ENABLE_OBJC_ARC = NO;
				GCC_PRECOMPILE_PREFIX_HEADER = YES;
				GCC_PREFIX_HEADER = "ImageUpload/ImageUpload-Prefix.pch";
				HEADER_SEARCH_PATHS = (
					"${SDK_DIR}/usr/include/libxml2",
					/usr/include/libxml2,
					"${SDKROOT}/usr/include/libxml2",
				);
				INFOPLIST_FILE = "ImageUpload/ImageUpload-Info.plist";
				IPHONEOS_DEPLOYMENT_TARGET = 5.0;
				LIBRARY_SEARCH_PATHS = (
					"$(inherited)",
					/Users/meoliver/Desktop/ImageUpload/ImageUpload,
				);
				OTHER_LDFLAGS = "-lxml2";
				PRODUCT_NAME = "$(TARGET_NAME)";
				WRAPPER_EXTENSION = app;
			};
			name = Release;
		};
/* End XCBuildConfiguration section */

/* Begin XCConfigurationList section */
		121952231794DF9400062EBF /* Build configuration list for PBXProject "ImageUpload" */ = {
			isa = XCConfigurationList;
			buildConfigurations = (
				121952451794DF9400062EBF /* Debug */,
				121952461794DF9400062EBF /* Release */,
			);
			defaultConfigurationIsVisible = 0;
			defaultConfigurationName = Release;
		};
		121952471794DF9400062EBF /* Build configuration list for PBXNativeTarget "ImageUpload" */ = {
			isa = XCConfigurationList;
			buildConfigurations = (
				121952481794DF9400062EBF /* Debug */,
				121952491794DF9400062EBF /* Release */,
			);
			defaultConfigurationIsVisible = 0;
			defaultConfigurationName = Release;
		};
/* End XCConfigurationList section */
	};
	rootObject = 121952201794DF9400062EBF /* Project object */;
}
